// !$*UTF8*$!
{
	archiveVersion = 1;
	classes = {
	};
	objectVersion = 48;
	objects = {

/* Begin PBXBuildFile section */
		3EF34A1920A4440000AD3C60 /* MainViewController.swift in Sources */ = {isa = PBXBuildFile; fileRef = 3EF34A1820A4440000AD3C60 /* MainViewController.swift */; };
		3EF95A4520A9434400D6064B /* FoodViewController.swift in Sources */ = {isa = PBXBuildFile; fileRef = 3EF95A4420A9434400D6064B /* FoodViewController.swift */; };
		63B03F5D20B2603000EEAB77 /* OrderViewController.swift in Sources */ = {isa = PBXBuildFile; fileRef = 63B03F5C20B2603000EEAB77 /* OrderViewController.swift */; };
		63E550BC20B191BE00094B19 /* FoodSection.swift in Sources */ = {isa = PBXBuildFile; fileRef = 63E550BB20B191BE00094B19 /* FoodSection.swift */; };
		CB54DAD120A956DA00A6CC1C /* TestData.swift in Sources */ = {isa = PBXBuildFile; fileRef = CB54DAD020A956DA00A6CC1C /* TestData.swift */; };
		CBE432D820B5768900285256 /* OrderInformationCell.swift in Sources */ = {isa = PBXBuildFile; fileRef = CBE432D720B5768900285256 /* OrderInformationCell.swift */; };
		CBE65DFF20A3ED20001B815A /* TimeConstraint.swift in Sources */ = {isa = PBXBuildFile; fileRef = CBE65DFE20A3ED20001B815A /* TimeConstraint.swift */; };
		CBE65E0420A3ED32001B815A /* Order.swift in Sources */ = {isa = PBXBuildFile; fileRef = CBE65E0020A3ED32001B815A /* Order.swift */; };
		CBE65E0520A3ED32001B815A /* Menu.swift in Sources */ = {isa = PBXBuildFile; fileRef = CBE65E0120A3ED32001B815A /* Menu.swift */; };
		CBE65E0620A3ED32001B815A /* Food.swift in Sources */ = {isa = PBXBuildFile; fileRef = CBE65E0220A3ED32001B815A /* Food.swift */; };
		CBF15E4920A0535400611DD7 /* AppDelegate.swift in Sources */ = {isa = PBXBuildFile; fileRef = CBF15E4820A0535400611DD7 /* AppDelegate.swift */; };
		CBF15E4E20A0535400611DD7 /* Main.storyboard in Resources */ = {isa = PBXBuildFile; fileRef = CBF15E4C20A0535400611DD7 /* Main.storyboard */; };
		CBF15E5020A0535400611DD7 /* Assets.xcassets in Resources */ = {isa = PBXBuildFile; fileRef = CBF15E4F20A0535400611DD7 /* Assets.xcassets */; };
		CBF15E5320A0535400611DD7 /* LaunchScreen.storyboard in Resources */ = {isa = PBXBuildFile; fileRef = CBF15E5120A0535400611DD7 /* LaunchScreen.storyboard */; };
		F5D3FBCB20B282BD0074D0DC /* PreviewViewController.swift in Sources */ = {isa = PBXBuildFile; fileRef = F5D3FBCA20B282BD0074D0DC /* PreviewViewController.swift */; };
/* End PBXBuildFile section */

/* Begin PBXFileReference section */
		3EF34A1820A4440000AD3C60 /* MainViewController.swift */ = {isa = PBXFileReference; lastKnownFileType = sourcecode.swift; path = MainViewController.swift; sourceTree = "<group>"; };
		3EF95A4420A9434400D6064B /* FoodViewController.swift */ = {isa = PBXFileReference; lastKnownFileType = sourcecode.swift; path = FoodViewController.swift; sourceTree = "<group>"; };
		63B03F5C20B2603000EEAB77 /* OrderViewController.swift */ = {isa = PBXFileReference; lastKnownFileType = sourcecode.swift; path = OrderViewController.swift; sourceTree = "<group>"; };
		63E550BB20B191BE00094B19 /* FoodSection.swift */ = {isa = PBXFileReference; lastKnownFileType = sourcecode.swift; path = FoodSection.swift; sourceTree = "<group>"; };
		CB54DAD020A956DA00A6CC1C /* TestData.swift */ = {isa = PBXFileReference; lastKnownFileType = sourcecode.swift; path = TestData.swift; sourceTree = "<group>"; };
		CBE432D720B5768900285256 /* OrderInformationCell.swift */ = {isa = PBXFileReference; lastKnownFileType = sourcecode.swift; path = OrderInformationCell.swift; sourceTree = "<group>"; };
		CBE65DFE20A3ED20001B815A /* TimeConstraint.swift */ = {isa = PBXFileReference; fileEncoding = 4; lastKnownFileType = sourcecode.swift; path = TimeConstraint.swift; sourceTree = "<group>"; };
		CBE65E0020A3ED32001B815A /* Order.swift */ = {isa = PBXFileReference; fileEncoding = 4; lastKnownFileType = sourcecode.swift; path = Order.swift; sourceTree = "<group>"; };
		CBE65E0120A3ED32001B815A /* Menu.swift */ = {isa = PBXFileReference; fileEncoding = 4; lastKnownFileType = sourcecode.swift; path = Menu.swift; sourceTree = "<group>"; };
		CBE65E0220A3ED32001B815A /* Food.swift */ = {isa = PBXFileReference; fileEncoding = 4; lastKnownFileType = sourcecode.swift; path = Food.swift; sourceTree = "<group>"; };
		CBF15E4520A0535400611DD7 /* SmartMenu.app */ = {isa = PBXFileReference; explicitFileType = wrapper.application; includeInIndex = 0; path = SmartMenu.app; sourceTree = BUILT_PRODUCTS_DIR; };
		CBF15E4820A0535400611DD7 /* AppDelegate.swift */ = {isa = PBXFileReference; lastKnownFileType = sourcecode.swift; path = AppDelegate.swift; sourceTree = "<group>"; };
		CBF15E4D20A0535400611DD7 /* Base */ = {isa = PBXFileReference; lastKnownFileType = file.storyboard; name = Base; path = Base.lproj/Main.storyboard; sourceTree = "<group>"; };
		CBF15E4F20A0535400611DD7 /* Assets.xcassets */ = {isa = PBXFileReference; lastKnownFileType = folder.assetcatalog; path = Assets.xcassets; sourceTree = "<group>"; };
		CBF15E5220A0535400611DD7 /* Base */ = {isa = PBXFileReference; lastKnownFileType = file.storyboard; name = Base; path = Base.lproj/LaunchScreen.storyboard; sourceTree = "<group>"; };
		CBF15E5420A0535400611DD7 /* Info.plist */ = {isa = PBXFileReference; lastKnownFileType = text.plist.xml; path = Info.plist; sourceTree = "<group>"; };
		F5D3FBCA20B282BD0074D0DC /* PreviewViewController.swift */ = {isa = PBXFileReference; lastKnownFileType = sourcecode.swift; path = PreviewViewController.swift; sourceTree = "<group>"; };
/* End PBXFileReference section */

/* Begin PBXFrameworksBuildPhase section */
		CBF15E4220A0535400611DD7 /* Frameworks */ = {
			isa = PBXFrameworksBuildPhase;
			buildActionMask = 2147483647;
			files = (
			);
			runOnlyForDeploymentPostprocessing = 0;
		};
/* End PBXFrameworksBuildPhase section */

/* Begin PBXGroup section */
		CBF15E3C20A0535400611DD7 = {
			isa = PBXGroup;
			children = (
				CBF15E4720A0535400611DD7 /* SmartMenu */,
				CBF15E4620A0535400611DD7 /* Products */,
			);
			sourceTree = "<group>";
		};
		CBF15E4620A0535400611DD7 /* Products */ = {
			isa = PBXGroup;
			children = (
				CBF15E4520A0535400611DD7 /* SmartMenu.app */,
			);
			name = Products;
			sourceTree = "<group>";
		};
		CBF15E4720A0535400611DD7 /* SmartMenu */ = {
			isa = PBXGroup;
			children = (
				CBF15E4820A0535400611DD7 /* AppDelegate.swift */,
				3EF34A1820A4440000AD3C60 /* MainViewController.swift */,
				CBF15E4C20A0535400611DD7 /* Main.storyboard */,
				3EF95A4420A9434400D6064B /* FoodViewController.swift */,
				CBE65E0220A3ED32001B815A /* Food.swift */,
				CBE65E0120A3ED32001B815A /* Menu.swift */,
				CB54DAD020A956DA00A6CC1C /* TestData.swift */,
				CBE65E0020A3ED32001B815A /* Order.swift */,
				CBE65DFE20A3ED20001B815A /* TimeConstraint.swift */,
				CBF15E4F20A0535400611DD7 /* Assets.xcassets */,
				CBF15E5120A0535400611DD7 /* LaunchScreen.storyboard */,
				CBF15E5420A0535400611DD7 /* Info.plist */,
				63E550BB20B191BE00094B19 /* FoodSection.swift */,
				63B03F5C20B2603000EEAB77 /* OrderViewController.swift */,
				CBE432D720B5768900285256 /* OrderInformationCell.swift */,
				F5D3FBCA20B282BD0074D0DC /* PreviewViewController.swift */,
			);
			path = SmartMenu;
			sourceTree = "<group>";
		};
/* End PBXGroup section */

/* Begin PBXNativeTarget section */
		CBF15E4420A0535400611DD7 /* SmartMenu */ = {
			isa = PBXNativeTarget;
			buildConfigurationList = CBF15E5720A0535400611DD7 /* Build configuration list for PBXNativeTarget "SmartMenu" */;
			buildPhases = (
				CBF15E4120A0535400611DD7 /* Sources */,
				CBF15E4220A0535400611DD7 /* Frameworks */,
				CBF15E4320A0535400611DD7 /* Resources */,
			);
			buildRules = (
			);
			dependencies = (
			);
			name = SmartMenu;
			productName = SmartMenu;
			productReference = CBF15E4520A0535400611DD7 /* SmartMenu.app */;
			productType = "com.apple.product-type.application";
		};
/* End PBXNativeTarget section */

/* Begin PBXProject section */
		CBF15E3D20A0535400611DD7 /* Project object */ = {
			isa = PBXProject;
			attributes = {
				LastSwiftUpdateCheck = 0920;
				LastUpgradeCheck = 0930;
				ORGANIZATIONNAME = "Group-13";
				TargetAttributes = {
					CBF15E4420A0535400611DD7 = {
						CreatedOnToolsVersion = 9.2;
						ProvisioningStyle = Manual;
					};
				};
			};
			buildConfigurationList = CBF15E4020A0535400611DD7 /* Build configuration list for PBXProject "SmartMenu" */;
			compatibilityVersion = "Xcode 8.0";
			developmentRegion = en;
			hasScannedForEncodings = 0;
			knownRegions = (
				en,
				Base,
			);
			mainGroup = CBF15E3C20A0535400611DD7;
			productRefGroup = CBF15E4620A0535400611DD7 /* Products */;
			projectDirPath = "";
			projectRoot = "";
			targets = (
				CBF15E4420A0535400611DD7 /* SmartMenu */,
			);
		};
/* End PBXProject section */

/* Begin PBXResourcesBuildPhase section */
		CBF15E4320A0535400611DD7 /* Resources */ = {
			isa = PBXResourcesBuildPhase;
			buildActionMask = 2147483647;
			files = (
				CBF15E5320A0535400611DD7 /* LaunchScreen.storyboard in Resources */,
				CBF15E5020A0535400611DD7 /* Assets.xcassets in Resources */,
				CBF15E4E20A0535400611DD7 /* Main.storyboard in Resources */,
			);
			runOnlyForDeploymentPostprocessing = 0;
		};
/* End PBXResourcesBuildPhase section */

/* Begin PBXSourcesBuildPhase section */
		CBF15E4120A0535400611DD7 /* Sources */ = {
			isa = PBXSourcesBuildPhase;
			buildActionMask = 2147483647;
			files = (
				CB54DAD120A956DA00A6CC1C /* TestData.swift in Sources */,
				63E550BC20B191BE00094B19 /* FoodSection.swift in Sources */,
				3EF34A1920A4440000AD3C60 /* MainViewController.swift in Sources */,
				CBE65E0420A3ED32001B815A /* Order.swift in Sources */,
				F5D3FBCB20B282BD0074D0DC /* PreviewViewController.swift in Sources */,
				3EF95A4520A9434400D6064B /* FoodViewController.swift in Sources */,
				CBE65E0520A3ED32001B815A /* Menu.swift in Sources */,
				CBE65DFF20A3ED20001B815A /* TimeConstraint.swift in Sources */,
				CBE65E0620A3ED32001B815A /* Food.swift in Sources */,
				63B03F5D20B2603000EEAB77 /* OrderViewController.swift in Sources */,
				CBF15E4920A0535400611DD7 /* AppDelegate.swift in Sources */,
				CBE432D820B5768900285256 /* OrderInformationCell.swift in Sources */,
			);
			runOnlyForDeploymentPostprocessing = 0;
		};
/* End PBXSourcesBuildPhase section */

/* Begin PBXVariantGroup section */
		CBF15E4C20A0535400611DD7 /* Main.storyboard */ = {
			isa = PBXVariantGroup;
			children = (
				CBF15E4D20A0535400611DD7 /* Base */,
			);
			name = Main.storyboard;
			sourceTree = "<group>";
		};
		CBF15E5120A0535400611DD7 /* LaunchScreen.storyboard */ = {
			isa = PBXVariantGroup;
			children = (
				CBF15E5220A0535400611DD7 /* Base */,
			);
			name = LaunchScreen.storyboard;
			sourceTree = "<group>";
		};
/* End PBXVariantGroup section */

/* Begin XCBuildConfiguration section */
		CBF15E5520A0535400611DD7 /* Debug */ = {
			isa = XCBuildConfiguration;
			buildSettings = {
				ALWAYS_SEARCH_USER_PATHS = NO;
				CLANG_ANALYZER_NONNULL = YES;
				CLANG_ANALYZER_NUMBER_OBJECT_CONVERSION = YES_AGGRESSIVE;
				CLANG_CXX_LANGUAGE_STANDARD = "gnu++14";
				CLANG_CXX_LIBRARY = "libc++";
				CLANG_ENABLE_MODULES = YES;
				CLANG_ENABLE_OBJC_ARC = YES;
				CLANG_WARN_BLOCK_CAPTURE_AUTORELEASING = YES;
				CLANG_WARN_BOOL_CONVERSION = YES;
				CLANG_WARN_COMMA = YES;
				CLANG_WARN_CONSTANT_CONVERSION = YES;
				CLANG_WARN_DEPRECATED_OBJC_IMPLEMENTATIONS = YES;
				CLANG_WARN_DIRECT_OBJC_ISA_USAGE = YES_ERROR;
				CLANG_WARN_DOCUMENTATION_COMMENTS = YES;
				CLANG_WARN_EMPTY_BODY = YES;
				CLANG_WARN_ENUM_CONVERSION = YES;
				CLANG_WARN_INFINITE_RECURSION = YES;
				CLANG_WARN_INT_CONVERSION = YES;
				CLANG_WARN_NON_LITERAL_NULL_CONVERSION = YES;
				CLANG_WARN_OBJC_IMPLICIT_RETAIN_SELF = YES;
				CLANG_WARN_OBJC_LITERAL_CONVERSION = YES;
				CLANG_WARN_OBJC_ROOT_CLASS = YES_ERROR;
				CLANG_WARN_RANGE_LOOP_ANALYSIS = YES;
				CLANG_WARN_STRICT_PROTOTYPES = YES;
				CLANG_WARN_SUSPICIOUS_MOVE = YES;
				CLANG_WARN_UNGUARDED_AVAILABILITY = YES_AGGRESSIVE;
				CLANG_WARN_UNREACHABLE_CODE = YES;
				CLANG_WARN__DUPLICATE_METHOD_MATCH = YES;
				CODE_SIGN_IDENTITY = "iPhone Developer";
				COPY_PHASE_STRIP = NO;
				DEBUG_INFORMATION_FORMAT = dwarf;
				ENABLE_STRICT_OBJC_MSGSEND = YES;
				ENABLE_TESTABILITY = YES;
				GCC_C_LANGUAGE_STANDARD = gnu11;
				GCC_DYNAMIC_NO_PIC = NO;
				GCC_NO_COMMON_BLOCKS = YES;
				GCC_OPTIMIZATION_LEVEL = 0;
				GCC_PREPROCESSOR_DEFINITIONS = (
					"DEBUG=1",
					"$(inherited)",
				);
				GCC_WARN_64_TO_32_BIT_CONVERSION = YES;
				GCC_WARN_ABOUT_RETURN_TYPE = YES_ERROR;
				GCC_WARN_UNDECLARED_SELECTOR = YES;
				GCC_WARN_UNINITIALIZED_AUTOS = YES_AGGRESSIVE;
				GCC_WARN_UNUSED_FUNCTION = YES;
				GCC_WARN_UNUSED_VARIABLE = YES;
				IPHONEOS_DEPLOYMENT_TARGET = 10.3;
				MTL_ENABLE_DEBUG_INFO = YES;
				ONLY_ACTIVE_ARCH = YES;
				SDKROOT = iphoneos;
				SWIFT_ACTIVE_COMPILATION_CONDITIONS = DEBUG;
				SWIFT_OPTIMIZATION_LEVEL = "-Onone";
			};
			name = Debug;
		};
		CBF15E5620A0535400611DD7 /* Release */ = {
			isa = XCBuildConfiguration;
			buildSettings = {
				ALWAYS_SEARCH_USER_PATHS = NO;
				CLANG_ANALYZER_NONNULL = YES;
				CLANG_ANALYZER_NUMBER_OBJECT_CONVERSION = YES_AGGRESSIVE;
				CLANG_CXX_LANGUAGE_STANDARD = "gnu++14";
				CLANG_CXX_LIBRARY = "libc++";
				CLANG_ENABLE_MODULES = YES;
				CLANG_ENABLE_OBJC_ARC = YES;
				CLANG_WARN_BLOCK_CAPTURE_AUTORELEASING = YES;
				CLANG_WARN_BOOL_CONVERSION = YES;
				CLANG_WARN_COMMA = YES;
				CLANG_WARN_CONSTANT_CONVERSION = YES;
				CLANG_WARN_DEPRECATED_OBJC_IMPLEMENTATIONS = YES;
				CLANG_WARN_DIRECT_OBJC_ISA_USAGE = YES_ERROR;
				CLANG_WARN_DOCUMENTATION_COMMENTS = YES;
				CLANG_WARN_EMPTY_BODY = YES;
				CLANG_WARN_ENUM_CONVERSION = YES;
				CLANG_WARN_INFINITE_RECURSION = YES;
				CLANG_WARN_INT_CONVERSION = YES;
				CLANG_WARN_NON_LITERAL_NULL_CONVERSION = YES;
				CLANG_WARN_OBJC_IMPLICIT_RETAIN_SELF = YES;
				CLANG_WARN_OBJC_LITERAL_CONVERSION = YES;
				CLANG_WARN_OBJC_ROOT_CLASS = YES_ERROR;
				CLANG_WARN_RANGE_LOOP_ANALYSIS = YES;
				CLANG_WARN_STRICT_PROTOTYPES = YES;
				CLANG_WARN_SUSPICIOUS_MOVE = YES;
				CLANG_WARN_UNGUARDED_AVAILABILITY = YES_AGGRESSIVE;
				CLANG_WARN_UNREACHABLE_CODE = YES;
				CLANG_WARN__DUPLICATE_METHOD_MATCH = YES;
				CODE_SIGN_IDENTITY = "iPhone Developer";
				COPY_PHASE_STRIP = NO;
				DEBUG_INFORMATION_FORMAT = "dwarf-with-dsym";
				ENABLE_NS_ASSERTIONS = NO;
				ENABLE_STRICT_OBJC_MSGSEND = YES;
				GCC_C_LANGUAGE_STANDARD = gnu11;
				GCC_NO_COMMON_BLOCKS = YES;
				GCC_WARN_64_TO_32_BIT_CONVERSION = YES;
				GCC_WARN_ABOUT_RETURN_TYPE = YES_ERROR;
				GCC_WARN_UNDECLARED_SELECTOR = YES;
				GCC_WARN_UNINITIALIZED_AUTOS = YES_AGGRESSIVE;
				GCC_WARN_UNUSED_FUNCTION = YES;
				GCC_WARN_UNUSED_VARIABLE = YES;
				IPHONEOS_DEPLOYMENT_TARGET = 10.3;
				MTL_ENABLE_DEBUG_INFO = NO;
				SDKROOT = iphoneos;
				SWIFT_OPTIMIZATION_LEVEL = "-Owholemodule";
				VALIDATE_PRODUCT = YES;
			};
			name = Release;
		};
		CBF15E5820A0535400611DD7 /* Debug */ = {
			isa = XCBuildConfiguration;
			buildSettings = {
				ASSETCATALOG_COMPILER_APPICON_NAME = AppIcon;
				CODE_SIGN_STYLE = Manual;
				DEVELOPMENT_TEAM = P4SXDY283G;
				INFOPLIST_FILE = SmartMenu/Info.plist;
				IPHONEOS_DEPLOYMENT_TARGET = 11.2;
				LD_RUNPATH_SEARCH_PATHS = "$(inherited) @executable_path/Frameworks";
				PRODUCT_BUNDLE_IDENTIFIER = UTS.SmartMenu;
				PRODUCT_NAME = "$(TARGET_NAME)";
				SWIFT_VERSION = 4.0;
				TARGETED_DEVICE_FAMILY = 1;
			};
			name = Debug;
		};
		CBF15E5920A0535400611DD7 /* Release */ = {
			isa = XCBuildConfiguration;
			buildSettings = {
				ASSETCATALOG_COMPILER_APPICON_NAME = AppIcon;
				CODE_SIGN_STYLE = Manual;
				DEVELOPMENT_TEAM = P4SXDY283G;
				INFOPLIST_FILE = SmartMenu/Info.plist;
				IPHONEOS_DEPLOYMENT_TARGET = 11.2;
				LD_RUNPATH_SEARCH_PATHS = "$(inherited) @executable_path/Frameworks";
				PRODUCT_BUNDLE_IDENTIFIER = UTS.SmartMenu;
				PRODUCT_NAME = "$(TARGET_NAME)";
				SWIFT_VERSION = 4.0;
				TARGETED_DEVICE_FAMILY = 1;
			};
			name = Release;
		};
/* End XCBuildConfiguration section */

/* Begin XCConfigurationList section */
		CBF15E4020A0535400611DD7 /* Build configuration list for PBXProject "SmartMenu" */ = {
			isa = XCConfigurationList;
			buildConfigurations = (
				CBF15E5520A0535400611DD7 /* Debug */,
				CBF15E5620A0535400611DD7 /* Release */,
			);
			defaultConfigurationIsVisible = 0;
			defaultConfigurationName = Release;
		};
		CBF15E5720A0535400611DD7 /* Build configuration list for PBXNativeTarget "SmartMenu" */ = {
			isa = XCConfigurationList;
			buildConfigurations = (
				CBF15E5820A0535400611DD7 /* Debug */,
				CBF15E5920A0535400611DD7 /* Release */,
			);
			defaultConfigurationIsVisible = 0;
			defaultConfigurationName = Release;
		};
/* End XCConfigurationList section */
	};
	rootObject = CBF15E3D20A0535400611DD7 /* Project object */;
}
